
Microsoft Visual Studio Solution File, Format Version 12.00
# Visual Studio Version 17
VisualStudioVersion = 17.13.35919.96 d17.13
MinimumVisualStudioVersion = 10.0.40219.1
Project("{FAE04EC0-301F-11D3-BF4B-00C04F79EFBC}") = "Part-3", "Part-3.csproj", "{8B694FB7-3448-4F75-9FFE-6A3F31A24A7F}"
EndProject
Global
	GlobalSection(SolutionConfigurationPlatforms) = preSolution
		Debug|Any CPU = Debug|Any CPU
		Release|Any CPU = Release|Any CPU
	EndGlobalSection
	GlobalSection(ProjectConfigurationPlatforms) = postSolution
		{8B694FB7-3448-4F75-9FFE-6A3F31A24A7F}.Debug|Any CPU.ActiveCfg = Debug|Any CPU
		{8B694FB7-3448-4F75-9FFE-6A3F31A24A7F}.Debug|Any CPU.Build.0 = Debug|Any CPU
		{8B694FB7-3448-4F75-9FFE-6A3F31A24A7F}.Release|Any CPU.ActiveCfg = Release|Any CPU
		{8B694FB7-3448-4F75-9FFE-6A3F31A24A7F}.Release|Any CPU.Build.0 = Release|Any CPU
	EndGlobalSection
	GlobalSection(SolutionProperties) = preSolution
		HideSolutionNode = FALSE
	EndGlobalSection
	GlobalSection(ExtensibilityGlobals) = postSolution
		SolutionGuid = {EC738961-BF66-4187-8B43-4CD7E7194005}
	EndGlobalSection
EndGlobal
